// !$*UTF8*$!
{
	archiveVersion = 1;
	classes = {
	};
	objectVersion = 46;
	objects = {

/* Begin PBXBuildFile section */
		4C11ABFA1C314E0F006C3816 /* OptionItem.swift in Sources */ = {isa = PBXBuildFile; fileRef = 4C11ABF91C314E0F006C3816 /* OptionItem.swift */; };
		4C15ED811CCAE9AC00ABB7A2 /* PaperBL.swift in Sources */ = {isa = PBXBuildFile; fileRef = 4C15ED801CCAE9AC00ABB7A2 /* PaperBL.swift */; };
		4C15ED841CCB074800ABB7A2 /* TSCourseTableViewCell.swift in Sources */ = {isa = PBXBuildFile; fileRef = 4C15ED821CCB074800ABB7A2 /* TSCourseTableViewCell.swift */; };
		4C15ED851CCB074800ABB7A2 /* TSCourseTableViewCell.xib in Resources */ = {isa = PBXBuildFile; fileRef = 4C15ED831CCB074800ABB7A2 /* TSCourseTableViewCell.xib */; };
		4C17EB3D1CC3B6A900A2F6C5 /* TSUINavigationController.swift in Sources */ = {isa = PBXBuildFile; fileRef = 4C17EB3C1CC3B6A900A2F6C5 /* TSUINavigationController.swift */; };
		4C17FA851CC7BBF5009FC926 /* FootForPaperCollectionReusableView.swift in Sources */ = {isa = PBXBuildFile; fileRef = 4C17FA831CC7BBF5009FC926 /* FootForPaperCollectionReusableView.swift */; };
		4C17FA861CC7BBF5009FC926 /* FootForPaperCollectionReusableView.xib in Resources */ = {isa = PBXBuildFile; fileRef = 4C17FA841CC7BBF5009FC926 /* FootForPaperCollectionReusableView.xib */; };
		4C1FECC41C340E8600B3E855 /* LoginViewController.swift in Sources */ = {isa = PBXBuildFile; fileRef = 4C1FECC11C340E8600B3E855 /* LoginViewController.swift */; };
		4C1FECC51C340E8600B3E855 /* RegisterViewController.swift in Sources */ = {isa = PBXBuildFile; fileRef = 4C1FECC21C340E8600B3E855 /* RegisterViewController.swift */; };
		4C1FECC61C340E8600B3E855 /* InstallViewController.swift in Sources */ = {isa = PBXBuildFile; fileRef = 4C1FECC31C340E8600B3E855 /* InstallViewController.swift */; };
		4C24C1CD1C30DBBB00875D46 /* MyTableView.swift in Sources */ = {isa = PBXBuildFile; fileRef = 4C24C1CC1C30DBBB00875D46 /* MyTableView.swift */; };
		4C24C1CF1C3107C200875D46 /* MyTableViewCell.swift in Sources */ = {isa = PBXBuildFile; fileRef = 4C24C1CE1C3107C200875D46 /* MyTableViewCell.swift */; };
		4C3803541C31B92800B8C0B1 /* OnePartOfChoice.swift in Sources */ = {isa = PBXBuildFile; fileRef = 4C3803531C31B92800B8C0B1 /* OnePartOfChoice.swift */; };
		4C3803561C31BA4100B8C0B1 /* AExamPaper.swift in Sources */ = {isa = PBXBuildFile; fileRef = 4C3803551C31BA4100B8C0B1 /* AExamPaper.swift */; };
		4C3803581C31C3C400B8C0B1 /* ATopic.swift in Sources */ = {isa = PBXBuildFile; fileRef = 4C3803571C31C3C400B8C0B1 /* ATopic.swift */; };
		4C38035A1C31D3E500B8C0B1 /* TopicDetail.swift in Sources */ = {isa = PBXBuildFile; fileRef = 4C3803591C31D3E500B8C0B1 /* TopicDetail.swift */; };
		4C4A7ECF1CC74FAA00D2D89A /* UINumber+Extension.swift in Sources */ = {isa = PBXBuildFile; fileRef = 4C4A7ECE1CC74FAA00D2D89A /* UINumber+Extension.swift */; };
		4C4A7ED11CC753BF00D2D89A /* LauchViewController.swift in Sources */ = {isa = PBXBuildFile; fileRef = 4C4A7ED01CC753BF00D2D89A /* LauchViewController.swift */; };
		4C4BCF4B1CAD4C65001FFC09 /* PaperCollectionViewCell.swift in Sources */ = {isa = PBXBuildFile; fileRef = 4C4BCF491CAD4C65001FFC09 /* PaperCollectionViewCell.swift */; };
		4C4BCF4C1CAD4C65001FFC09 /* PaperCollectionViewCell.xib in Resources */ = {isa = PBXBuildFile; fileRef = 4C4BCF4A1CAD4C65001FFC09 /* PaperCollectionViewCell.xib */; };
		4C4BCF561CAD50EF001FFC09 /* PapersViewController.swift in Sources */ = {isa = PBXBuildFile; fileRef = 4C4BCF551CAD50EF001FFC09 /* PapersViewController.swift */; };
		4C4BCF5A1CAD515B001FFC09 /* PapersStoryboard.storyboard in Resources */ = {isa = PBXBuildFile; fileRef = 4C4BCF591CAD515B001FFC09 /* PapersStoryboard.storyboard */; };
		4C4E73171CB549C4002D8926 /* MBProgressHUD.m in Sources */ = {isa = PBXBuildFile; fileRef = 4C4E73141CB549C4002D8926 /* MBProgressHUD.m */; };
		4C4E731A1CB54A18002D8926 /* AFNetworking.framework in Frameworks */ = {isa = PBXBuildFile; fileRef = 4C4E73191CB54A18002D8926 /* AFNetworking.framework */; };
		4C53541D1CC8D8840043139D /* RegBL.swift in Sources */ = {isa = PBXBuildFile; fileRef = 4C53541C1CC8D8840043139D /* RegBL.swift */; };
		4C57DEF31CC8663F001494BE /* CourseBL.swift in Sources */ = {isa = PBXBuildFile; fileRef = 4C57DEF21CC8663F001494BE /* CourseBL.swift */; };
		4C57DEF51CC87DBA001494BE /* LoadingAnmationView.swift in Sources */ = {isa = PBXBuildFile; fileRef = 4C57DEF41CC87DBA001494BE /* LoadingAnmationView.swift */; };
		4C5D43D91CC4A92900AB3FFD /* LoginBL.swift in Sources */ = {isa = PBXBuildFile; fileRef = 4C5D43D81CC4A92900AB3FFD /* LoginBL.swift */; };
		4C5D43DB1CC4A94800AB3FFD /* UserInfo.swift in Sources */ = {isa = PBXBuildFile; fileRef = 4C5D43DA1CC4A94800AB3FFD /* UserInfo.swift */; };
		4C643A561CC71B4E00698531 /* TSPaperCollectionView.swift in Sources */ = {isa = PBXBuildFile; fileRef = 4C643A551CC71B4E00698531 /* TSPaperCollectionView.swift */; };
		4C643A591CC72DD800698531 /* HearderForPaperCollectionReusableView.swift in Sources */ = {isa = PBXBuildFile; fileRef = 4C643A571CC72DD800698531 /* HearderForPaperCollectionReusableView.swift */; };
		4C643A5A1CC72DD800698531 /* HearderForPaperCollectionReusableView.xib in Resources */ = {isa = PBXBuildFile; fileRef = 4C643A581CC72DD800698531 /* HearderForPaperCollectionReusableView.xib */; };
		4C6965B41CC4823500C702E7 /* GRNetwork.swift in Sources */ = {isa = PBXBuildFile; fileRef = 4C6965B31CC4823500C702E7 /* GRNetwork.swift */; };
		4C7540C61CBF435300E94C82 /* LoginMainStoryboard.storyboard in Resources */ = {isa = PBXBuildFile; fileRef = 4C7540C51CBF435300E94C82 /* LoginMainStoryboard.storyboard */; };
		4C7540C81CBF46BE00E94C82 /* TSUITextField.swift in Sources */ = {isa = PBXBuildFile; fileRef = 4C7540C71CBF46BE00E94C82 /* TSUITextField.swift */; };
		4C775A041CB3F799000BA228 /* UILabelPadding.swift in Sources */ = {isa = PBXBuildFile; fileRef = 4C775A031CB3F799000BA228 /* UILabelPadding.swift */; };
		4C775A061CB3F7F5000BA228 /* AbsViewFactory.swift in Sources */ = {isa = PBXBuildFile; fileRef = 4C775A051CB3F7F5000BA228 /* AbsViewFactory.swift */; };
		4C775A081CB3F86C000BA228 /* UIColor+Extension.swift in Sources */ = {isa = PBXBuildFile; fileRef = 4C775A071CB3F86C000BA228 /* UIColor+Extension.swift */; };
		4C7E62F11CC66698002E5033 /* MBProgressHUD+Extension.swift in Sources */ = {isa = PBXBuildFile; fileRef = 4C7E62F01CC66698002E5033 /* MBProgressHUD+Extension.swift */; };
		4C8955171C2FC34900A63975 /* Course.swift in Sources */ = {isa = PBXBuildFile; fileRef = 4C8955161C2FC34900A63975 /* Course.swift */; };
		4C8955191C2FC3D900A63975 /* ExamPaper.swift in Sources */ = {isa = PBXBuildFile; fileRef = 4C8955181C2FC3D900A63975 /* ExamPaper.swift */; };
		4C89551C1C2FE0AE00A63975 /* MakeTestViewController.swift in Sources */ = {isa = PBXBuildFile; fileRef = 4C89551B1C2FE0AE00A63975 /* MakeTestViewController.swift */; };
		4C89555D1C30326500A63975 /* CustomView.swift in Sources */ = {isa = PBXBuildFile; fileRef = 4C89555C1C30326500A63975 /* CustomView.swift */; };
		4C8983C11CB93D8B008AE900 /* CourseForPaperViewController.swift in Sources */ = {isa = PBXBuildFile; fileRef = 4C8983C01CB93D8B008AE900 /* CourseForPaperViewController.swift */; };
		4C8EFCBE1C328EB300AC7454 /* PlayerView.swift in Sources */ = {isa = PBXBuildFile; fileRef = 4C8EFCBD1C328EB300AC7454 /* PlayerView.swift */; };
		4C8EFCC01C32A1D500AC7454 /* Timer.swift in Sources */ = {isa = PBXBuildFile; fileRef = 4C8EFCBF1C32A1D500AC7454 /* Timer.swift */; };
		4C8EFD2A1C32B3F000AC7454 /* Info.png in Resources */ = {isa = PBXBuildFile; fileRef = 4C8EFD0B1C32B3F000AC7454 /* Info.png */; };
		4C8EFD2B1C32B3F000AC7454 /* AboutPageView.swift in Sources */ = {isa = PBXBuildFile; fileRef = 4C8EFD0D1C32B3F000AC7454 /* AboutPageView.swift */; };
		4C8EFD301C32B3F000AC7454 /* collection.png in Resources */ = {isa = PBXBuildFile; fileRef = 4C8EFD141C32B3F000AC7454 /* collection.png */; };
		4C8EFD311C32B3F000AC7454 /* CollectionView.swift in Sources */ = {isa = PBXBuildFile; fileRef = 4C8EFD151C32B3F000AC7454 /* CollectionView.swift */; };
		4C8EFD321C32B3F000AC7454 /* config.png in Resources */ = {isa = PBXBuildFile; fileRef = 4C8EFD161C32B3F000AC7454 /* config.png */; };
		4C8EFD331C32B3F000AC7454 /* head.jpg in Resources */ = {isa = PBXBuildFile; fileRef = 4C8EFD171C32B3F000AC7454 /* head.jpg */; };
		4C8EFD341C32B3F000AC7454 /* history.png in Resources */ = {isa = PBXBuildFile; fileRef = 4C8EFD181C32B3F000AC7454 /* history.png */; };
		4C8EFD361C32B3F000AC7454 /* InsideCollectiondetail.swift in Sources */ = {isa = PBXBuildFile; fileRef = 4C8EFD1A1C32B3F000AC7454 /* InsideCollectiondetail.swift */; };
		4C8EFD371C32B3F000AC7454 /* InsideMyInfo.swift in Sources */ = {isa = PBXBuildFile; fileRef = 4C8EFD1B1C32B3F000AC7454 /* InsideMyInfo.swift */; };
		4C8EFD381C32B3F000AC7454 /* rank.png in Resources */ = {isa = PBXBuildFile; fileRef = 4C8EFD1C1C32B3F000AC7454 /* rank.png */; };
		4C8EFD391C32B3F000AC7454 /* SelfInforViewController.swift in Sources */ = {isa = PBXBuildFile; fileRef = 4C8EFD1D1C32B3F000AC7454 /* SelfInforViewController.swift */; };
		4C8EFD3A1C32B3F000AC7454 /* SettingView.swift in Sources */ = {isa = PBXBuildFile; fileRef = 4C8EFD1E1C32B3F000AC7454 /* SettingView.swift */; };
		4C8EFD3B1C32B3F000AC7454 /* test.json in Resources */ = {isa = PBXBuildFile; fileRef = 4C8EFD1F1C32B3F000AC7454 /* test.json */; };
		4C8EFD3C1C32B3F000AC7454 /* UserItem.swift in Sources */ = {isa = PBXBuildFile; fileRef = 4C8EFD201C32B3F000AC7454 /* UserItem.swift */; };
		61FF06BA696E2980C6013659 /* Pods.framework in Frameworks */ = {isa = PBXBuildFile; fileRef = 2E1E948396830C51998BB4E1 /* Pods.framework */; };
		6364BBEF1CCB271500E00923 /* MessageTableViewController.swift in Sources */ = {isa = PBXBuildFile; fileRef = 6364BBEE1CCB271500E00923 /* MessageTableViewController.swift */; };
		6364BBF11CCB272B00E00923 /* TheDetailMesgTableViewController.swift in Sources */ = {isa = PBXBuildFile; fileRef = 6364BBF01CCB272B00E00923 /* TheDetailMesgTableViewController.swift */; };
		6364BBF31CCB274500E00923 /* AddTheLeaveMessage.swift in Sources */ = {isa = PBXBuildFile; fileRef = 6364BBF21CCB274500E00923 /* AddTheLeaveMessage.swift */; };
		6364BBF51CCB278A00E00923 /* MyCopyUILable.swift in Sources */ = {isa = PBXBuildFile; fileRef = 6364BBF41CCB278A00E00923 /* MyCopyUILable.swift */; };
		6364BBF91CCB27B700E00923 /* MyDetailTableViewCell.swift in Sources */ = {isa = PBXBuildFile; fileRef = 6364BBF81CCB27B700E00923 /* MyDetailTableViewCell.swift */; };
		6364BBFC1CCB27D300E00923 /* MessageItem.swift in Sources */ = {isa = PBXBuildFile; fileRef = 6364BBFB1CCB27D300E00923 /* MessageItem.swift */; };
		6364BBFE1CCB281200E00923 /* ContextLabel.swift in Sources */ = {isa = PBXBuildFile; fileRef = 6364BBFD1CCB281200E00923 /* ContextLabel.swift */; };
		6364BC001CCB2B8200E00923 /* MsgCutsomTableViewCell.swift in Sources */ = {isa = PBXBuildFile; fileRef = 6364BBFF1CCB2B8200E00923 /* MsgCutsomTableViewCell.swift */; };
		63778CDC1CC79C3000F07921 /* CustsomMainTableViewCell.swift in Sources */ = {isa = PBXBuildFile; fileRef = 63778CDA1CC79C3000F07921 /* CustsomMainTableViewCell.swift */; };
		63778CDD1CC79C3000F07921 /* CustsomMainTableViewCell.xib in Resources */ = {isa = PBXBuildFile; fileRef = 63778CDB1CC79C3000F07921 /* CustsomMainTableViewCell.xib */; };
		637C70541CCA2B05006EF44A /* PractiseQtypeBL.swift in Sources */ = {isa = PBXBuildFile; fileRef = 637C70531CCA2B05006EF44A /* PractiseQtypeBL.swift */; };
		637C70561CCA2B27006EF44A /* Qtype.swift in Sources */ = {isa = PBXBuildFile; fileRef = 637C70551CCA2B27006EF44A /* Qtype.swift */; };
		637C70591CCA6996006EF44A /* CourseEntity+CoreDataProperties.swift in Sources */ = {isa = PBXBuildFile; fileRef = 637C70571CCA6996006EF44A /* CourseEntity+CoreDataProperties.swift */; };
		637C705A1CCA6996006EF44A /* CourseEntity.swift in Sources */ = {isa = PBXBuildFile; fileRef = 637C70581CCA6996006EF44A /* CourseEntity.swift */; };
		637FEF101CBFCB70008C7CDE /* CutsomCourseTableViewCell.swift in Sources */ = {isa = PBXBuildFile; fileRef = 637FEF0E1CBFCB70008C7CDE /* CutsomCourseTableViewCell.swift */; };
		637FEF111CBFCB70008C7CDE /* CutsomCourseTableViewCell.xib in Resources */ = {isa = PBXBuildFile; fileRef = 637FEF0F1CBFCB70008C7CDE /* CutsomCourseTableViewCell.xib */; };
		6385EB751CB4039E006655F8 /* PractiseViewController.swift in Sources */ = {isa = PBXBuildFile; fileRef = 6385EB741CB4039E006655F8 /* PractiseViewController.swift */; };
		6385EB771CB4040E006655F8 /* CustomCLcell.swift in Sources */ = {isa = PBXBuildFile; fileRef = 6385EB761CB4040E006655F8 /* CustomCLcell.swift */; };
		6385EB791CB4043D006655F8 /* AdViewController.swift in Sources */ = {isa = PBXBuildFile; fileRef = 6385EB781CB4043D006655F8 /* AdViewController.swift */; };
		63A2F93E1CBA59F700AB5EDA /* SelecTheCourseController.swift in Sources */ = {isa = PBXBuildFile; fileRef = 63A2F93D1CBA59F700AB5EDA /* SelecTheCourseController.swift */; };
		63A956801CC675C700B4AB63 /* MainTableViewController.swift in Sources */ = {isa = PBXBuildFile; fileRef = 63A9567F1CC675C700B4AB63 /* MainTableViewController.swift */; };
		63DA68171CC704BE004489F2 /* CustomLayout.swift in Sources */ = {isa = PBXBuildFile; fileRef = 63DA68161CC704BE004489F2 /* CustomLayout.swift */; };
		E6F046B11C2D0A0000D3CF6C /* AppDelegate.swift in Sources */ = {isa = PBXBuildFile; fileRef = E6F046B01C2D0A0000D3CF6C /* AppDelegate.swift */; };
		E6F046B61C2D0A0000D3CF6C /* Main.storyboard in Resources */ = {isa = PBXBuildFile; fileRef = E6F046B41C2D0A0000D3CF6C /* Main.storyboard */; };
		E6F046B91C2D0A0000D3CF6C /* TestApp.xcdatamodeld in Sources */ = {isa = PBXBuildFile; fileRef = E6F046B71C2D0A0000D3CF6C /* TestApp.xcdatamodeld */; };
		E6F046BB1C2D0A0000D3CF6C /* Assets.xcassets in Resources */ = {isa = PBXBuildFile; fileRef = E6F046BA1C2D0A0000D3CF6C /* Assets.xcassets */; };
		E6F046BE1C2D0A0000D3CF6C /* LaunchScreen.storyboard in Resources */ = {isa = PBXBuildFile; fileRef = E6F046BC1C2D0A0000D3CF6C /* LaunchScreen.storyboard */; };
		E6F046C91C2D0A0100D3CF6C /* TestAppTests.swift in Sources */ = {isa = PBXBuildFile; fileRef = E6F046C81C2D0A0100D3CF6C /* TestAppTests.swift */; };
		E6F046D41C2D0A0100D3CF6C /* TestAppUITests.swift in Sources */ = {isa = PBXBuildFile; fileRef = E6F046D31C2D0A0100D3CF6C /* TestAppUITests.swift */; };
		E6F046E41C2D0AED00D3CF6C /* TestSearchViewController.swift in Sources */ = {isa = PBXBuildFile; fileRef = E6F046E31C2D0AED00D3CF6C /* TestSearchViewController.swift */; };
		E6F34A721C2D379A00D453B8 /* MainTabViewController.swift in Sources */ = {isa = PBXBuildFile; fileRef = E6F34A711C2D379A00D453B8 /* MainTabViewController.swift */; };
/* End PBXBuildFile section */

/* Begin PBXContainerItemProxy section */
		E6F046C51C2D0A0100D3CF6C /* PBXContainerItemProxy */ = {
			isa = PBXContainerItemProxy;
			containerPortal = E6F046A51C2D0A0000D3CF6C /* Project object */;
			proxyType = 1;
			remoteGlobalIDString = E6F046AC1C2D0A0000D3CF6C;
			remoteInfo = TestApp;
		};
		E6F046D01C2D0A0100D3CF6C /* PBXContainerItemProxy */ = {
			isa = PBXContainerItemProxy;
			containerPortal = E6F046A51C2D0A0000D3CF6C /* Project object */;
			proxyType = 1;
			remoteGlobalIDString = E6F046AC1C2D0A0000D3CF6C;
			remoteInfo = TestApp;
		};
/* End PBXContainerItemProxy section */

/* Begin PBXFileReference section */
		091A524E08E9AF6938D2C1BC /* Pods.release.xcconfig */ = {isa = PBXFileReference; includeInIndex = 1; lastKnownFileType = text.xcconfig; name = Pods.release.xcconfig; path = "Pods/Target Support Files/Pods/Pods.release.xcconfig"; sourceTree = "<group>"; };
		2E1E948396830C51998BB4E1 /* Pods.framework */ = {isa = PBXFileReference; explicitFileType = wrapper.framework; includeInIndex = 0; path = Pods.framework; sourceTree = BUILT_PRODUCTS_DIR; };
		4C11ABF91C314E0F006C3816 /* OptionItem.swift */ = {isa = PBXFileReference; fileEncoding = 4; lastKnownFileType = sourcecode.swift; path = OptionItem.swift; sourceTree = "<group>"; };
		4C15ED801CCAE9AC00ABB7A2 /* PaperBL.swift */ = {isa = PBXFileReference; fileEncoding = 4; lastKnownFileType = sourcecode.swift; name = PaperBL.swift; path = DomainLayer/PaperBL.swift; sourceTree = "<group>"; };
		4C15ED821CCB074800ABB7A2 /* TSCourseTableViewCell.swift */ = {isa = PBXFileReference; fileEncoding = 4; lastKnownFileType = sourcecode.swift; name = TSCourseTableViewCell.swift; path = UI/PaperInterface/TSCourseTableViewCell.swift; sourceTree = "<group>"; };
		4C15ED831CCB074800ABB7A2 /* TSCourseTableViewCell.xib */ = {isa = PBXFileReference; fileEncoding = 4; lastKnownFileType = file.xib; name = TSCourseTableViewCell.xib; path = UI/PaperInterface/TSCourseTableViewCell.xib; sourceTree = "<group>"; };
		4C17EB3C1CC3B6A900A2F6C5 /* TSUINavigationController.swift */ = {isa = PBXFileReference; fileEncoding = 4; lastKnownFileType = sourcecode.swift; name = TSUINavigationController.swift; path = BAC/TSUINavigationController.swift; sourceTree = "<group>"; };
		4C17FA831CC7BBF5009FC926 /* FootForPaperCollectionReusableView.swift */ = {isa = PBXFileReference; fileEncoding = 4; lastKnownFileType = sourcecode.swift; name = FootForPaperCollectionReusableView.swift; path = UI/PaperInterface/FootForPaperCollectionReusableView.swift; sourceTree = "<group>"; };
		4C17FA841CC7BBF5009FC926 /* FootForPaperCollectionReusableView.xib */ = {isa = PBXFileReference; fileEncoding = 4; lastKnownFileType = file.xib; name = FootForPaperCollectionReusableView.xib; path = UI/PaperInterface/FootForPaperCollectionReusableView.xib; sourceTree = "<group>"; };
		4C1FECC11C340E8600B3E855 /* LoginViewController.swift */ = {isa = PBXFileReference; fileEncoding = 4; lastKnownFileType = sourcecode.swift; path = LoginViewController.swift; sourceTree = "<group>"; };
		4C1FECC21C340E8600B3E855 /* RegisterViewController.swift */ = {isa = PBXFileReference; fileEncoding = 4; lastKnownFileType = sourcecode.swift; path = RegisterViewController.swift; sourceTree = "<group>"; };
		4C1FECC31C340E8600B3E855 /* InstallViewController.swift */ = {isa = PBXFileReference; fileEncoding = 4; lastKnownFileType = sourcecode.swift; path = InstallViewController.swift; sourceTree = "<group>"; };
		4C24C1CC1C30DBBB00875D46 /* MyTableView.swift */ = {isa = PBXFileReference; fileEncoding = 4; lastKnownFileType = sourcecode.swift; name = MyTableView.swift; path = TestContrl/MyTableView.swift; sourceTree = "<group>"; };
		4C24C1CE1C3107C200875D46 /* MyTableViewCell.swift */ = {isa = PBXFileReference; fileEncoding = 4; lastKnownFileType = sourcecode.swift; name = MyTableViewCell.swift; path = TestContrl/MyTableViewCell.swift; sourceTree = "<group>"; };
		4C3803531C31B92800B8C0B1 /* OnePartOfChoice.swift */ = {isa = PBXFileReference; fileEncoding = 4; lastKnownFileType = sourcecode.swift; path = OnePartOfChoice.swift; sourceTree = "<group>"; };
		4C3803551C31BA4100B8C0B1 /* AExamPaper.swift */ = {isa = PBXFileReference; fileEncoding = 4; lastKnownFileType = sourcecode.swift; path = AExamPaper.swift; sourceTree = "<group>"; };
		4C3803571C31C3C400B8C0B1 /* ATopic.swift */ = {isa = PBXFileReference; fileEncoding = 4; lastKnownFileType = sourcecode.swift; path = ATopic.swift; sourceTree = "<group>"; };
		4C3803591C31D3E500B8C0B1 /* TopicDetail.swift */ = {isa = PBXFileReference; fileEncoding = 4; lastKnownFileType = sourcecode.swift; path = TopicDetail.swift; sourceTree = "<group>"; };
		4C4A7ECE1CC74FAA00D2D89A /* UINumber+Extension.swift */ = {isa = PBXFileReference; fileEncoding = 4; lastKnownFileType = sourcecode.swift; path = "UINumber+Extension.swift"; sourceTree = "<group>"; };
		4C4A7ED01CC753BF00D2D89A /* LauchViewController.swift */ = {isa = PBXFileReference; fileEncoding = 4; lastKnownFileType = sourcecode.swift; path = LauchViewController.swift; sourceTree = "<group>"; };
		4C4BCF491CAD4C65001FFC09 /* PaperCollectionViewCell.swift */ = {isa = PBXFileReference; fileEncoding = 4; lastKnownFileType = sourcecode.swift; name = PaperCollectionViewCell.swift; path = UI/PaperCollectionViewCell.swift; sourceTree = "<group>"; };
		4C4BCF4A1CAD4C65001FFC09 /* PaperCollectionViewCell.xib */ = {isa = PBXFileReference; fileEncoding = 4; lastKnownFileType = file.xib; name = PaperCollectionViewCell.xib; path = UI/PaperCollectionViewCell.xib; sourceTree = "<group>"; };
		4C4BCF551CAD50EF001FFC09 /* PapersViewController.swift */ = {isa = PBXFileReference; fileEncoding = 4; lastKnownFileType = sourcecode.swift; name = PapersViewController.swift; path = UI/PapersViewController.swift; sourceTree = "<group>"; };
		4C4BCF591CAD515B001FFC09 /* PapersStoryboard.storyboard */ = {isa = PBXFileReference; fileEncoding = 4; lastKnownFileType = file.storyboard; name = PapersStoryboard.storyboard; path = UI/PapersStoryboard.storyboard; sourceTree = "<group>"; };
		4C4E73131CB549C4002D8926 /* MBProgressHUD.h */ = {isa = PBXFileReference; fileEncoding = 4; lastKnownFileType = sourcecode.c.h; path = MBProgressHUD.h; sourceTree = "<group>"; };
		4C4E73141CB549C4002D8926 /* MBProgressHUD.m */ = {isa = PBXFileReference; fileEncoding = 4; lastKnownFileType = sourcecode.c.objc; path = MBProgressHUD.m; sourceTree = "<group>"; };
		4C4E73191CB54A18002D8926 /* AFNetworking.framework */ = {isa = PBXFileReference; lastKnownFileType = wrapper.framework; name = AFNetworking.framework; path = "AFNetworking-master/build/Debug-iphoneos/AFNetworking.framework"; sourceTree = "<group>"; };
		4C4E731B1CB54A4B002D8926 /* TA-Bri-Header.h */ = {isa = PBXFileReference; lastKnownFileType = sourcecode.c.h; name = "TA-Bri-Header.h"; path = "UI/TA-Bri-Header.h"; sourceTree = "<group>"; };
		4C53541C1CC8D8840043139D /* RegBL.swift */ = {isa = PBXFileReference; fileEncoding = 4; lastKnownFileType = sourcecode.swift; name = RegBL.swift; path = DomainLayer/RegBL.swift; sourceTree = "<group>"; };
		4C57DEF21CC8663F001494BE /* CourseBL.swift */ = {isa = PBXFileReference; fileEncoding = 4; lastKnownFileType = sourcecode.swift; name = CourseBL.swift; path = DomainLayer/CourseBL.swift; sourceTree = "<group>"; };
		4C57DEF41CC87DBA001494BE /* LoadingAnmationView.swift */ = {isa = PBXFileReference; fileEncoding = 4; lastKnownFileType = sourcecode.swift; name = LoadingAnmationView.swift; path = UI/Util/LoadingAnmationView.swift; sourceTree = "<group>"; };
		4C5D43D81CC4A92900AB3FFD /* LoginBL.swift */ = {isa = PBXFileReference; fileEncoding = 4; lastKnownFileType = sourcecode.swift; name = LoginBL.swift; path = DomainLayer/LoginBL.swift; sourceTree = "<group>"; };
		4C5D43DA1CC4A94800AB3FFD /* UserInfo.swift */ = {isa = PBXFileReference; fileEncoding = 4; lastKnownFileType = sourcecode.swift; name = UserInfo.swift; path = DomainLayer/UserInfo.swift; sourceTree = "<group>"; };
		4C643A551CC71B4E00698531 /* TSPaperCollectionView.swift */ = {isa = PBXFileReference; fileEncoding = 4; lastKnownFileType = sourcecode.swift; name = TSPaperCollectionView.swift; path = UI/PaperInterface/TSPaperCollectionView.swift; sourceTree = "<group>"; };
		4C643A571CC72DD800698531 /* HearderForPaperCollectionReusableView.swift */ = {isa = PBXFileReference; fileEncoding = 4; lastKnownFileType = sourcecode.swift; name = HearderForPaperCollectionReusableView.swift; path = UI/PaperInterface/HearderForPaperCollectionReusableView.swift; sourceTree = "<group>"; };
		4C643A581CC72DD800698531 /* HearderForPaperCollectionReusableView.xib */ = {isa = PBXFileReference; fileEncoding = 4; lastKnownFileType = file.xib; name = HearderForPaperCollectionReusableView.xib; path = UI/PaperInterface/HearderForPaperCollectionReusableView.xib; sourceTree = "<group>"; };
		4C6965B31CC4823500C702E7 /* GRNetwork.swift */ = {isa = PBXFileReference; fileEncoding = 4; lastKnownFileType = sourcecode.swift; name = GRNetwork.swift; path = TechnicalServiece/GRNetwork.swift; sourceTree = "<group>"; };
		4C7540C51CBF435300E94C82 /* LoginMainStoryboard.storyboard */ = {isa = PBXFileReference; fileEncoding = 4; lastKnownFileType = file.storyboard; name = LoginMainStoryboard.storyboard; path = UI/LoginInstall/LoginMainStoryboard.storyboard; sourceTree = "<group>"; };
		4C7540C71CBF46BE00E94C82 /* TSUITextField.swift */ = {isa = PBXFileReference; fileEncoding = 4; lastKnownFileType = sourcecode.swift; name = TSUITextField.swift; path = UI/LoginInstall/TSUITextField.swift; sourceTree = "<group>"; };
		4C775A031CB3F799000BA228 /* UILabelPadding.swift */ = {isa = PBXFileReference; fileEncoding = 4; lastKnownFileType = sourcecode.swift; path = UILabelPadding.swift; sourceTree = "<group>"; };
		4C775A051CB3F7F5000BA228 /* AbsViewFactory.swift */ = {isa = PBXFileReference; fileEncoding = 4; lastKnownFileType = sourcecode.swift; name = AbsViewFactory.swift; path = Factory/AbsViewFactory.swift; sourceTree = "<group>"; };
		4C775A071CB3F86C000BA228 /* UIColor+Extension.swift */ = {isa = PBXFileReference; fileEncoding = 4; lastKnownFileType = sourcecode.swift; name = "UIColor+Extension.swift"; path = "BAC/UIColor+Extension.swift"; sourceTree = "<group>"; };
		4C7E62F01CC66698002E5033 /* MBProgressHUD+Extension.swift */ = {isa = PBXFileReference; fileEncoding = 4; lastKnownFileType = sourcecode.swift; name = "MBProgressHUD+Extension.swift"; path = "UI/Util/MBProgressHUD+Extension.swift"; sourceTree = "<group>"; };
		4C8955161C2FC34900A63975 /* Course.swift */ = {isa = PBXFileReference; fileEncoding = 4; lastKnownFileType = sourcecode.swift; path = Course.swift; sourceTree = "<group>"; };
		4C8955181C2FC3D900A63975 /* ExamPaper.swift */ = {isa = PBXFileReference; fileEncoding = 4; lastKnownFileType = sourcecode.swift; path = ExamPaper.swift; sourceTree = "<group>"; };
		4C89551B1C2FE0AE00A63975 /* MakeTestViewController.swift */ = {isa = PBXFileReference; fileEncoding = 4; lastKnownFileType = sourcecode.swift; name = MakeTestViewController.swift; path = TestContrl/MakeTestViewController.swift; sourceTree = "<group>"; };
		4C89555C1C30326500A63975 /* CustomView.swift */ = {isa = PBXFileReference; fileEncoding = 4; lastKnownFileType = sourcecode.swift; name = CustomView.swift; path = TestContrl/CustomView.swift; sourceTree = "<group>"; };
		4C8983C01CB93D8B008AE900 /* CourseForPaperViewController.swift */ = {isa = PBXFileReference; fileEncoding = 4; lastKnownFileType = sourcecode.swift; name = CourseForPaperViewController.swift; path = UI/PaperInterface/CourseForPaperViewController.swift; sourceTree = "<group>"; };
		4C8EFCBD1C328EB300AC7454 /* PlayerView.swift */ = {isa = PBXFileReference; fileEncoding = 4; lastKnownFileType = sourcecode.swift; name = PlayerView.swift; path = TestContrl/PlayerView.swift; sourceTree = "<group>"; };
		4C8EFCBF1C32A1D500AC7454 /* Timer.swift */ = {isa = PBXFileReference; fileEncoding = 4; lastKnownFileType = sourcecode.swift; path = Timer.swift; sourceTree = "<group>"; };
		4C8EFD0B1C32B3F000AC7454 /* Info.png */ = {isa = PBXFileReference; lastKnownFileType = image.png; path = Info.png; sourceTree = "<group>"; };
		4C8EFD0D1C32B3F000AC7454 /* AboutPageView.swift */ = {isa = PBXFileReference; fileEncoding = 4; lastKnownFileType = sourcecode.swift; path = AboutPageView.swift; sourceTree = "<group>"; };
		4C8EFD141C32B3F000AC7454 /* collection.png */ = {isa = PBXFileReference; lastKnownFileType = image.png; path = collection.png; sourceTree = "<group>"; };
		4C8EFD151C32B3F000AC7454 /* CollectionView.swift */ = {isa = PBXFileReference; fileEncoding = 4; lastKnownFileType = sourcecode.swift; path = CollectionView.swift; sourceTree = "<group>"; };
		4C8EFD161C32B3F000AC7454 /* config.png */ = {isa = PBXFileReference; lastKnownFileType = image.png; path = config.png; sourceTree = "<group>"; };
		4C8EFD171C32B3F000AC7454 /* head.jpg */ = {isa = PBXFileReference; lastKnownFileType = image.jpeg; path = head.jpg; sourceTree = "<group>"; };
		4C8EFD181C32B3F000AC7454 /* history.png */ = {isa = PBXFileReference; lastKnownFileType = image.png; path = history.png; sourceTree = "<group>"; };
		4C8EFD1A1C32B3F000AC7454 /* InsideCollectiondetail.swift */ = {isa = PBXFileReference; fileEncoding = 4; lastKnownFileType = sourcecode.swift; path = InsideCollectiondetail.swift; sourceTree = "<group>"; };
		4C8EFD1B1C32B3F000AC7454 /* InsideMyInfo.swift */ = {isa = PBXFileReference; fileEncoding = 4; lastKnownFileType = sourcecode.swift; path = InsideMyInfo.swift; sourceTree = "<group>"; };
		4C8EFD1C1C32B3F000AC7454 /* rank.png */ = {isa = PBXFileReference; lastKnownFileType = image.png; path = rank.png; sourceTree = "<group>"; };
		4C8EFD1D1C32B3F000AC7454 /* SelfInforViewController.swift */ = {isa = PBXFileReference; fileEncoding = 4; lastKnownFileType = sourcecode.swift; path = SelfInforViewController.swift; sourceTree = "<group>"; };
		4C8EFD1E1C32B3F000AC7454 /* SettingView.swift */ = {isa = PBXFileReference; fileEncoding = 4; lastKnownFileType = sourcecode.swift; path = SettingView.swift; sourceTree = "<group>"; };
		4C8EFD1F1C32B3F000AC7454 /* test.json */ = {isa = PBXFileReference; fileEncoding = 4; lastKnownFileType = text.json; path = test.json; sourceTree = "<group>"; };
		4C8EFD201C32B3F000AC7454 /* UserItem.swift */ = {isa = PBXFileReference; fileEncoding = 4; lastKnownFileType = sourcecode.swift; path = UserItem.swift; sourceTree = "<group>"; };
		6364BBEE1CCB271500E00923 /* MessageTableViewController.swift */ = {isa = PBXFileReference; fileEncoding = 4; lastKnownFileType = sourcecode.swift; path = MessageTableViewController.swift; sourceTree = "<group>"; };
		6364BBF01CCB272B00E00923 /* TheDetailMesgTableViewController.swift */ = {isa = PBXFileReference; fileEncoding = 4; lastKnownFileType = sourcecode.swift; path = TheDetailMesgTableViewController.swift; sourceTree = "<group>"; };
		6364BBF21CCB274500E00923 /* AddTheLeaveMessage.swift */ = {isa = PBXFileReference; fileEncoding = 4; lastKnownFileType = sourcecode.swift; path = AddTheLeaveMessage.swift; sourceTree = "<group>"; };
		6364BBF41CCB278A00E00923 /* MyCopyUILable.swift */ = {isa = PBXFileReference; fileEncoding = 4; lastKnownFileType = sourcecode.swift; path = MyCopyUILable.swift; sourceTree = "<group>"; };
		6364BBF81CCB27B700E00923 /* MyDetailTableViewCell.swift */ = {isa = PBXFileReference; fileEncoding = 4; lastKnownFileType = sourcecode.swift; path = MyDetailTableViewCell.swift; sourceTree = "<group>"; };
		6364BBFB1CCB27D300E00923 /* MessageItem.swift */ = {isa = PBXFileReference; fileEncoding = 4; lastKnownFileType = sourcecode.swift; path = MessageItem.swift; sourceTree = "<group>"; };
		6364BBFD1CCB281200E00923 /* ContextLabel.swift */ = {isa = PBXFileReference; fileEncoding = 4; lastKnownFileType = sourcecode.swift; path = ContextLabel.swift; sourceTree = "<group>"; };
		6364BBFF1CCB2B8200E00923 /* MsgCutsomTableViewCell.swift */ = {isa = PBXFileReference; fileEncoding = 4; lastKnownFileType = sourcecode.swift; path = MsgCutsomTableViewCell.swift; sourceTree = "<group>"; };
		63778CDA1CC79C3000F07921 /* CustsomMainTableViewCell.swift */ = {isa = PBXFileReference; fileEncoding = 4; lastKnownFileType = sourcecode.swift; path = CustsomMainTableViewCell.swift; sourceTree = "<group>"; };
		63778CDB1CC79C3000F07921 /* CustsomMainTableViewCell.xib */ = {isa = PBXFileReference; fileEncoding = 4; lastKnownFileType = file.xib; path = CustsomMainTableViewCell.xib; sourceTree = "<group>"; };
		637C70531CCA2B05006EF44A /* PractiseQtypeBL.swift */ = {isa = PBXFileReference; fileEncoding = 4; lastKnownFileType = sourcecode.swift; name = PractiseQtypeBL.swift; path = DomainLayer/PractiseQtypeBL.swift; sourceTree = "<group>"; };
		637C70551CCA2B27006EF44A /* Qtype.swift */ = {isa = PBXFileReference; fileEncoding = 4; lastKnownFileType = sourcecode.swift; name = Qtype.swift; path = DomainLayer/Qtype.swift; sourceTree = "<group>"; };
		637C70571CCA6996006EF44A /* CourseEntity+CoreDataProperties.swift */ = {isa = PBXFileReference; fileEncoding = 4; lastKnownFileType = sourcecode.swift; path = "CourseEntity+CoreDataProperties.swift"; sourceTree = "<group>"; };
		637C70581CCA6996006EF44A /* CourseEntity.swift */ = {isa = PBXFileReference; fileEncoding = 4; lastKnownFileType = sourcecode.swift; path = CourseEntity.swift; sourceTree = "<group>"; };
		637FEF0E1CBFCB70008C7CDE /* CutsomCourseTableViewCell.swift */ = {isa = PBXFileReference; fileEncoding = 4; lastKnownFileType = sourcecode.swift; path = CutsomCourseTableViewCell.swift; sourceTree = "<group>"; };
		637FEF0F1CBFCB70008C7CDE /* CutsomCourseTableViewCell.xib */ = {isa = PBXFileReference; fileEncoding = 4; lastKnownFileType = file.xib; path = CutsomCourseTableViewCell.xib; sourceTree = "<group>"; };
		6385EB741CB4039E006655F8 /* PractiseViewController.swift */ = {isa = PBXFileReference; fileEncoding = 4; lastKnownFileType = sourcecode.swift; path = PractiseViewController.swift; sourceTree = "<group>"; };
		6385EB761CB4040E006655F8 /* CustomCLcell.swift */ = {isa = PBXFileReference; fileEncoding = 4; lastKnownFileType = sourcecode.swift; path = CustomCLcell.swift; sourceTree = "<group>"; };
		6385EB781CB4043D006655F8 /* AdViewController.swift */ = {isa = PBXFileReference; fileEncoding = 4; lastKnownFileType = sourcecode.swift; path = AdViewController.swift; sourceTree = "<group>"; };
		63A2F93D1CBA59F700AB5EDA /* SelecTheCourseController.swift */ = {isa = PBXFileReference; fileEncoding = 4; lastKnownFileType = sourcecode.swift; path = SelecTheCourseController.swift; sourceTree = "<group>"; };
		63A9567F1CC675C700B4AB63 /* MainTableViewController.swift */ = {isa = PBXFileReference; fileEncoding = 4; lastKnownFileType = sourcecode.swift; path = MainTableViewController.swift; sourceTree = "<group>"; };
		63DA68161CC704BE004489F2 /* CustomLayout.swift */ = {isa = PBXFileReference; fileEncoding = 4; lastKnownFileType = sourcecode.swift; path = CustomLayout.swift; sourceTree = "<group>"; };
		B78021C4DEF0CC8AD07DD8CD /* Pods.debug.xcconfig */ = {isa = PBXFileReference; includeInIndex = 1; lastKnownFileType = text.xcconfig; name = Pods.debug.xcconfig; path = "Pods/Target Support Files/Pods/Pods.debug.xcconfig"; sourceTree = "<group>"; };
		E6F046AD1C2D0A0000D3CF6C /* TestApp.app */ = {isa = PBXFileReference; explicitFileType = wrapper.application; includeInIndex = 0; path = TestApp.app; sourceTree = BUILT_PRODUCTS_DIR; };
		E6F046B01C2D0A0000D3CF6C /* AppDelegate.swift */ = {isa = PBXFileReference; lastKnownFileType = sourcecode.swift; path = AppDelegate.swift; sourceTree = "<group>"; };
		E6F046B51C2D0A0000D3CF6C /* Base */ = {isa = PBXFileReference; lastKnownFileType = file.storyboard; name = Base; path = Base.lproj/Main.storyboard; sourceTree = "<group>"; };
		E6F046B81C2D0A0000D3CF6C /* TestApp.xcdatamodel */ = {isa = PBXFileReference; lastKnownFileType = wrapper.xcdatamodel; path = TestApp.xcdatamodel; sourceTree = "<group>"; };
		E6F046BA1C2D0A0000D3CF6C /* Assets.xcassets */ = {isa = PBXFileReference; lastKnownFileType = folder.assetcatalog; path = Assets.xcassets; sourceTree = "<group>"; };
		E6F046BD1C2D0A0000D3CF6C /* Base */ = {isa = PBXFileReference; lastKnownFileType = file.storyboard; name = Base; path = Base.lproj/LaunchScreen.storyboard; sourceTree = "<group>"; };
		E6F046BF1C2D0A0000D3CF6C /* Info.plist */ = {isa = PBXFileReference; lastKnownFileType = text.plist.xml; path = Info.plist; sourceTree = "<group>"; };
		E6F046C41C2D0A0100D3CF6C /* TestAppTests.xctest */ = {isa = PBXFileReference; explicitFileType = wrapper.cfbundle; includeInIndex = 0; path = TestAppTests.xctest; sourceTree = BUILT_PRODUCTS_DIR; };
		E6F046C81C2D0A0100D3CF6C /* TestAppTests.swift */ = {isa = PBXFileReference; lastKnownFileType = sourcecode.swift; path = TestAppTests.swift; sourceTree = "<group>"; };
		E6F046CA1C2D0A0100D3CF6C /* Info.plist */ = {isa = PBXFileReference; lastKnownFileType = text.plist.xml; path = Info.plist; sourceTree = "<group>"; };
		E6F046CF1C2D0A0100D3CF6C /* TestAppUITests.xctest */ = {isa = PBXFileReference; explicitFileType = wrapper.cfbundle; includeInIndex = 0; path = TestAppUITests.xctest; sourceTree = BUILT_PRODUCTS_DIR; };
		E6F046D31C2D0A0100D3CF6C /* TestAppUITests.swift */ = {isa = PBXFileReference; lastKnownFileType = sourcecode.swift; path = TestAppUITests.swift; sourceTree = "<group>"; };
		E6F046D51C2D0A0100D3CF6C /* Info.plist */ = {isa = PBXFileReference; lastKnownFileType = text.plist.xml; path = Info.plist; sourceTree = "<group>"; };
		E6F046E31C2D0AED00D3CF6C /* TestSearchViewController.swift */ = {isa = PBXFileReference; fileEncoding = 4; lastKnownFileType = sourcecode.swift; path = TestSearchViewController.swift; sourceTree = "<group>"; };
		E6F34A711C2D379A00D453B8 /* MainTabViewController.swift */ = {isa = PBXFileReference; fileEncoding = 4; lastKnownFileType = sourcecode.swift; path = MainTabViewController.swift; sourceTree = "<group>"; };
/* End PBXFileReference section */

/* Begin PBXFrameworksBuildPhase section */
		E6F046AA1C2D0A0000D3CF6C /* Frameworks */ = {
			isa = PBXFrameworksBuildPhase;
			buildActionMask = 2147483647;
			files = (
				4C4E731A1CB54A18002D8926 /* AFNetworking.framework in Frameworks */,
				61FF06BA696E2980C6013659 /* Pods.framework in Frameworks */,
			);
			runOnlyForDeploymentPostprocessing = 0;
		};
		E6F046C11C2D0A0100D3CF6C /* Frameworks */ = {
			isa = PBXFrameworksBuildPhase;
			buildActionMask = 2147483647;
			files = (
			);
			runOnlyForDeploymentPostprocessing = 0;
		};
		E6F046CC1C2D0A0100D3CF6C /* Frameworks */ = {
			isa = PBXFrameworksBuildPhase;
			buildActionMask = 2147483647;
			files = (
			);
			runOnlyForDeploymentPostprocessing = 0;
		};
/* End PBXFrameworksBuildPhase section */

/* Begin PBXGroup section */
		4C15ED7F1CCAE97600ABB7A2 /* PaperBL */ = {
			isa = PBXGroup;
			children = (
				4C15ED801CCAE9AC00ABB7A2 /* PaperBL.swift */,
			);
			name = PaperBL;
			sourceTree = "<group>";
		};
		4C1FECC01C340E1100B3E855 /* LoginInstall */ = {
			isa = PBXGroup;
			children = (
				4C609D211CBF7D6E00485476 /* View */,
				4C609D201CBF7D5B00485476 /* View Controller */,
				4C1FECC11C340E8600B3E855 /* LoginViewController.swift */,
				4C1FECC21C340E8600B3E855 /* RegisterViewController.swift */,
				4C1FECC31C340E8600B3E855 /* InstallViewController.swift */,
				4C7540C51CBF435300E94C82 /* LoginMainStoryboard.storyboard */,
				4C7540C71CBF46BE00E94C82 /* TSUITextField.swift */,
			);
			name = LoginInstall;
			sourceTree = "<group>";
		};
		4C4BCF421CAD1690001FFC09 /* UI */ = {
			isa = PBXGroup;
			children = (
				4C5D43D51CC4A7DA00AB3FFD /* Util */,
				4C9C20C31CB609E3006465A7 /* Fun Interface */,
				4C4BCF4F1CAD4E50001FFC09 /* Personal Interface */,
				4C4BCF4E1CAD4DC2001FFC09 /* Practise Interface */,
				4C4BCF4D1CAD4DAC001FFC09 /* Paper Interface */,
				4C1FECC01C340E1100B3E855 /* LoginInstall */,
				E6F046B01C2D0A0000D3CF6C /* AppDelegate.swift */,
				E6F046B41C2D0A0000D3CF6C /* Main.storyboard */,
				4C4A7ED01CC753BF00D2D89A /* LauchViewController.swift */,
				E6F046BC1C2D0A0000D3CF6C /* LaunchScreen.storyboard */,
				E6F34A711C2D379A00D453B8 /* MainTabViewController.swift */,
				E6F046BA1C2D0A0000D3CF6C /* Assets.xcassets */,
				4C4BCF461CAD46A4001FFC09 /* Supporting Files */,
			);
			name = UI;
			sourceTree = "<group>";
		};
		4C4BCF431CAD1698001FFC09 /* Domain Layer */ = {
			isa = PBXGroup;
			children = (
				637C70521CCA2A83006EF44A /* PractiseQtypeBL */,
				4C57DEF11CC8660E001494BE /* CourseBL */,
				4C6965B21CC4807F00C702E7 /* LoginBL */,
				4C53541B1CC8D8590043139D /* RegBL */,
				4C5D43D71CC4A8CF00AB3FFD /* User Entity */,
				4C15ED7F1CCAE97600ABB7A2 /* PaperBL */,
				4C8955151C2FC32100A63975 /* Paper Entity */,
				E6F046B71C2D0A0000D3CF6C /* TestApp.xcdatamodeld */,
				637C70571CCA6996006EF44A /* CourseEntity+CoreDataProperties.swift */,
				637C70581CCA6996006EF44A /* CourseEntity.swift */,
			);
			name = "Domain Layer";
			sourceTree = "<group>";
		};
		4C4BCF441CAD1DC0001FFC09 /* Technical Service */ = {
			isa = PBXGroup;
			children = (
				4C4E731B1CB54A4B002D8926 /* TA-Bri-Header.h */,
				4C4E73111CB549C4002D8926 /* MBProgressHUD */,
				4C4BCF451CAD1E16001FFC09 /* Persistance */,
			);
			name = "Technical Service";
			sourceTree = "<group>";
		};
		4C4BCF451CAD1E16001FFC09 /* Persistance */ = {
			isa = PBXGroup;
			children = (
				4C6965B31CC4823500C702E7 /* GRNetwork.swift */,
			);
			name = Persistance;
			sourceTree = "<group>";
		};
		4C4BCF461CAD46A4001FFC09 /* Supporting Files */ = {
			isa = PBXGroup;
			children = (
				E6F046BF1C2D0A0000D3CF6C /* Info.plist */,
			);
			name = "Supporting Files";
			sourceTree = "<group>";
		};
		4C4BCF481CAD4746001FFC09 /* View */ = {
			isa = PBXGroup;
			children = (
				4C4BCF491CAD4C65001FFC09 /* PaperCollectionViewCell.swift */,
				4C4BCF4A1CAD4C65001FFC09 /* PaperCollectionViewCell.xib */,
				4C643A571CC72DD800698531 /* HearderForPaperCollectionReusableView.swift */,
				4C643A581CC72DD800698531 /* HearderForPaperCollectionReusableView.xib */,
				4C17FA831CC7BBF5009FC926 /* FootForPaperCollectionReusableView.swift */,
				4C17FA841CC7BBF5009FC926 /* FootForPaperCollectionReusableView.xib */,
				4C643A551CC71B4E00698531 /* TSPaperCollectionView.swift */,
				4C15ED821CCB074800ABB7A2 /* TSCourseTableViewCell.swift */,
				4C15ED831CCB074800ABB7A2 /* TSCourseTableViewCell.xib */,
			);
			name = View;
			sourceTree = "<group>";
		};
		4C4BCF4D1CAD4DAC001FFC09 /* Paper Interface */ = {
			isa = PBXGroup;
			children = (
				4C4BCF501CAD4ED5001FFC09 /* View Conroller */,
				4C4BCF481CAD4746001FFC09 /* View */,
				4C4BCF591CAD515B001FFC09 /* PapersStoryboard.storyboard */,
			);
			name = "Paper Interface";
			sourceTree = "<group>";
		};
		4C4BCF4E1CAD4DC2001FFC09 /* Practise Interface */ = {
			isa = PBXGroup;
			children = (
				4C4BCF521CAD4F07001FFC09 /* View Controller */,
				4C4BCF511CAD4EFF001FFC09 /* View */,
			);
			name = "Practise Interface";
			sourceTree = "<group>";
		};
		4C4BCF4F1CAD4E50001FFC09 /* Personal Interface */ = {
			isa = PBXGroup;
			children = (
				4C4BCF541CAD4F23001FFC09 /* View Controller */,
				4C4BCF531CAD4F1C001FFC09 /* View */,
			);
			name = "Personal Interface";
			sourceTree = "<group>";
		};
		4C4BCF501CAD4ED5001FFC09 /* View Conroller */ = {
			isa = PBXGroup;
			children = (
				4C89551A1C2FE04D00A63975 /* TestContrl */,
				E6F046E21C2D0A3B00D3CF6C /* TestSearchController */,
				4C4BCF551CAD50EF001FFC09 /* PapersViewController.swift */,
				4C8983C01CB93D8B008AE900 /* CourseForPaperViewController.swift */,
			);
			name = "View Conroller";
			sourceTree = "<group>";
		};
		4C4BCF511CAD4EFF001FFC09 /* View */ = {
			isa = PBXGroup;
			children = (
				6385EB761CB4040E006655F8 /* CustomCLcell.swift */,
				637FEF0E1CBFCB70008C7CDE /* CutsomCourseTableViewCell.swift */,
				637FEF0F1CBFCB70008C7CDE /* CutsomCourseTableViewCell.xib */,
				63778CDA1CC79C3000F07921 /* CustsomMainTableViewCell.swift */,
				63778CDB1CC79C3000F07921 /* CustsomMainTableViewCell.xib */,
			);
			name = View;
			sourceTree = "<group>";
		};
		4C4BCF521CAD4F07001FFC09 /* View Controller */ = {
			isa = PBXGroup;
			children = (
				63DA68161CC704BE004489F2 /* CustomLayout.swift */,
				63A9567F1CC675C700B4AB63 /* MainTableViewController.swift */,
				63A2F93D1CBA59F700AB5EDA /* SelecTheCourseController.swift */,
				6385EB741CB4039E006655F8 /* PractiseViewController.swift */,
				6385EB781CB4043D006655F8 /* AdViewController.swift */,
			);
			name = "View Controller";
			sourceTree = "<group>";
		};
		4C4BCF531CAD4F1C001FFC09 /* View */ = {
			isa = PBXGroup;
			children = (
			);
			name = View;
			sourceTree = "<group>";
		};
		4C4BCF541CAD4F23001FFC09 /* View Controller */ = {
			isa = PBXGroup;
			children = (
				4C8EFD0A1C32B3F000AC7454 /* SelfInformation */,
			);
			name = "View Controller";
			sourceTree = "<group>";
		};
		4C4E73111CB549C4002D8926 /* MBProgressHUD */ = {
			isa = PBXGroup;
			children = (
				4C4E73131CB549C4002D8926 /* MBProgressHUD.h */,
				4C4E73141CB549C4002D8926 /* MBProgressHUD.m */,
			);
			path = MBProgressHUD;
			sourceTree = SOURCE_ROOT;
		};
		4C53541B1CC8D8590043139D /* RegBL */ = {
			isa = PBXGroup;
			children = (
				4C53541C1CC8D8840043139D /* RegBL.swift */,
			);
			name = RegBL;
			sourceTree = "<group>";
		};
		4C57DEF11CC8660E001494BE /* CourseBL */ = {
			isa = PBXGroup;
			children = (
				4C57DEF21CC8663F001494BE /* CourseBL.swift */,
				4C8955161C2FC34900A63975 /* Course.swift */,
			);
			name = CourseBL;
			sourceTree = "<group>";
		};
		4C5D43D51CC4A7DA00AB3FFD /* Util */ = {
			isa = PBXGroup;
			children = (
				4C7E62F01CC66698002E5033 /* MBProgressHUD+Extension.swift */,
				4C57DEF41CC87DBA001494BE /* LoadingAnmationView.swift */,
			);
			name = Util;
			sourceTree = "<group>";
		};
		4C5D43D71CC4A8CF00AB3FFD /* User Entity */ = {
			isa = PBXGroup;
			children = (
				4C5D43DA1CC4A94800AB3FFD /* UserInfo.swift */,
			);
			name = "User Entity";
			sourceTree = "<group>";
		};
		4C609D201CBF7D5B00485476 /* View Controller */ = {
			isa = PBXGroup;
			children = (
			);
			name = "View Controller";
			sourceTree = "<group>";
		};
		4C609D211CBF7D6E00485476 /* View */ = {
			isa = PBXGroup;
			children = (
			);
			name = View;
			sourceTree = "<group>";
		};
		4C6965B21CC4807F00C702E7 /* LoginBL */ = {
			isa = PBXGroup;
			children = (
				4C5D43D81CC4A92900AB3FFD /* LoginBL.swift */,
			);
			name = LoginBL;
			sourceTree = "<group>";
		};
		4C7759FF1CB3F5EF000BA228 /* BAC */ = {
			isa = PBXGroup;
			children = (
				4C775A021CB3F779000BA228 /* UtilView */,
				4C775A001CB3F6ED000BA228 /* Factory */,
			);
			name = BAC;
			sourceTree = "<group>";
		};
		4C775A001CB3F6ED000BA228 /* Factory */ = {
			isa = PBXGroup;
			children = (
				4C775A011CB3F705000BA228 /* ViewFactory */,
			);
			name = Factory;
			sourceTree = "<group>";
		};
		4C775A011CB3F705000BA228 /* ViewFactory */ = {
			isa = PBXGroup;
			children = (
				4C775A051CB3F7F5000BA228 /* AbsViewFactory.swift */,
			);
			name = ViewFactory;
			sourceTree = "<group>";
		};
		4C775A021CB3F779000BA228 /* UtilView */ = {
			isa = PBXGroup;
			children = (
				4C775A031CB3F799000BA228 /* UILabelPadding.swift */,
				4C775A071CB3F86C000BA228 /* UIColor+Extension.swift */,
				4C17EB3C1CC3B6A900A2F6C5 /* TSUINavigationController.swift */,
				4C4A7ECE1CC74FAA00D2D89A /* UINumber+Extension.swift */,
			);
			name = UtilView;
			sourceTree = "<group>";
		};
		4C8955151C2FC32100A63975 /* Paper Entity */ = {
			isa = PBXGroup;
			children = (
				4C8955181C2FC3D900A63975 /* ExamPaper.swift */,
				4C11ABF91C314E0F006C3816 /* OptionItem.swift */,
				4C3803531C31B92800B8C0B1 /* OnePartOfChoice.swift */,
				4C3803551C31BA4100B8C0B1 /* AExamPaper.swift */,
				4C3803571C31C3C400B8C0B1 /* ATopic.swift */,
				4C3803591C31D3E500B8C0B1 /* TopicDetail.swift */,
				4C8EFCBF1C32A1D500AC7454 /* Timer.swift */,
			);
			name = "Paper Entity";
			sourceTree = "<group>";
		};
		4C89551A1C2FE04D00A63975 /* TestContrl */ = {
			isa = PBXGroup;
			children = (
				4C89551B1C2FE0AE00A63975 /* MakeTestViewController.swift */,
				4C89555C1C30326500A63975 /* CustomView.swift */,
				4C24C1CC1C30DBBB00875D46 /* MyTableView.swift */,
				4C24C1CE1C3107C200875D46 /* MyTableViewCell.swift */,
				4C8EFCBD1C328EB300AC7454 /* PlayerView.swift */,
			);
			name = TestContrl;
			sourceTree = "<group>";
		};
		4C8EFD0A1C32B3F000AC7454 /* SelfInformation */ = {
			isa = PBXGroup;
			children = (
				4C8EFD0B1C32B3F000AC7454 /* Info.png */,
				4C8EFD0C1C32B3F000AC7454 /* SelfInformation */,
			);
			path = SelfInformation;
			sourceTree = "<group>";
		};
		4C8EFD0C1C32B3F000AC7454 /* SelfInformation */ = {
			isa = PBXGroup;
			children = (
				4C8EFD0D1C32B3F000AC7454 /* AboutPageView.swift */,
				4C8EFD141C32B3F000AC7454 /* collection.png */,
				4C8EFD151C32B3F000AC7454 /* CollectionView.swift */,
				4C8EFD161C32B3F000AC7454 /* config.png */,
				4C8EFD171C32B3F000AC7454 /* head.jpg */,
				4C8EFD181C32B3F000AC7454 /* history.png */,
				4C8EFD1A1C32B3F000AC7454 /* InsideCollectiondetail.swift */,
				4C8EFD1B1C32B3F000AC7454 /* InsideMyInfo.swift */,
				4C8EFD1C1C32B3F000AC7454 /* rank.png */,
				4C8EFD1D1C32B3F000AC7454 /* SelfInforViewController.swift */,
				4C8EFD1E1C32B3F000AC7454 /* SettingView.swift */,
				4C8EFD1F1C32B3F000AC7454 /* test.json */,
				4C8EFD201C32B3F000AC7454 /* UserItem.swift */,
			);
			path = SelfInformation;
			sourceTree = "<group>";
		};
		4C9C20C31CB609E3006465A7 /* Fun Interface */ = {
			isa = PBXGroup;
			children = (
				4C9C20C41CB609EE006465A7 /* ViewController */,
				4C9C20C51CB609FB006465A7 /* View */,
				6364BBFA1CCB27C100E00923 /* MessageItem */,
			);
			name = "Fun Interface";
			sourceTree = "<group>";
		};
		4C9C20C41CB609EE006465A7 /* ViewController */ = {
			isa = PBXGroup;
			children = (
				6364BBF21CCB274500E00923 /* AddTheLeaveMessage.swift */,
				6364BBF01CCB272B00E00923 /* TheDetailMesgTableViewController.swift */,
				6364BBEE1CCB271500E00923 /* MessageTableViewController.swift */,
			);
			name = ViewController;
			sourceTree = "<group>";
		};
		4C9C20C51CB609FB006465A7 /* View */ = {
			isa = PBXGroup;
			children = (
				6364BBFD1CCB281200E00923 /* ContextLabel.swift */,
				6364BBF81CCB27B700E00923 /* MyDetailTableViewCell.swift */,
				6364BBF41CCB278A00E00923 /* MyCopyUILable.swift */,
				6364BBFF1CCB2B8200E00923 /* MsgCutsomTableViewCell.swift */,
			);
			name = View;
			sourceTree = "<group>";
		};
		6364BBFA1CCB27C100E00923 /* MessageItem */ = {
			isa = PBXGroup;
			children = (
				6364BBFB1CCB27D300E00923 /* MessageItem.swift */,
			);
			name = MessageItem;
			sourceTree = "<group>";
		};
		637C70521CCA2A83006EF44A /* PractiseQtypeBL */ = {
			isa = PBXGroup;
			children = (
				637C70531CCA2B05006EF44A /* PractiseQtypeBL.swift */,
				637C70551CCA2B27006EF44A /* Qtype.swift */,
			);
			name = PractiseQtypeBL;
			sourceTree = "<group>";
		};
		CB46CE203EB0A580517F56DD /* Frameworks */ = {
			isa = PBXGroup;
			children = (
				4C4E73191CB54A18002D8926 /* AFNetworking.framework */,
				2E1E948396830C51998BB4E1 /* Pods.framework */,
			);
			name = Frameworks;
			sourceTree = "<group>";
		};
		E6F046A41C2D0A0000D3CF6C = {
			isa = PBXGroup;
			children = (
				E6F046AF1C2D0A0000D3CF6C /* TestApp */,
				E6F046C71C2D0A0100D3CF6C /* TestAppTests */,
				E6F046D21C2D0A0100D3CF6C /* TestAppUITests */,
				E6F046AE1C2D0A0000D3CF6C /* Products */,
				FE0404512B15F22C7727D333 /* Pods */,
				CB46CE203EB0A580517F56DD /* Frameworks */,
			);
			sourceTree = "<group>";
		};
		E6F046AE1C2D0A0000D3CF6C /* Products */ = {
			isa = PBXGroup;
			children = (
				E6F046AD1C2D0A0000D3CF6C /* TestApp.app */,
				E6F046C41C2D0A0100D3CF6C /* TestAppTests.xctest */,
				E6F046CF1C2D0A0100D3CF6C /* TestAppUITests.xctest */,
			);
			name = Products;
			sourceTree = "<group>";
		};
		E6F046AF1C2D0A0000D3CF6C /* TestApp */ = {
			isa = PBXGroup;
			children = (
				4C4BCF421CAD1690001FFC09 /* UI */,
				4C4BCF431CAD1698001FFC09 /* Domain Layer */,
				4C4BCF441CAD1DC0001FFC09 /* Technical Service */,
				4C7759FF1CB3F5EF000BA228 /* BAC */,
			);
			path = TestApp;
			sourceTree = "<group>";
		};
		E6F046C71C2D0A0100D3CF6C /* TestAppTests */ = {
			isa = PBXGroup;
			children = (
				E6F046C81C2D0A0100D3CF6C /* TestAppTests.swift */,
				E6F046CA1C2D0A0100D3CF6C /* Info.plist */,
			);
			path = TestAppTests;
			sourceTree = "<group>";
		};
		E6F046D21C2D0A0100D3CF6C /* TestAppUITests */ = {
			isa = PBXGroup;
			children = (
				E6F046D31C2D0A0100D3CF6C /* TestAppUITests.swift */,
				E6F046D51C2D0A0100D3CF6C /* Info.plist */,
			);
			path = TestAppUITests;
			sourceTree = "<group>";
		};
		E6F046E21C2D0A3B00D3CF6C /* TestSearchController */ = {
			isa = PBXGroup;
			children = (
				E6F046E31C2D0AED00D3CF6C /* TestSearchViewController.swift */,
			);
			name = TestSearchController;
			sourceTree = "<group>";
		};
		FE0404512B15F22C7727D333 /* Pods */ = {
			isa = PBXGroup;
			children = (
				B78021C4DEF0CC8AD07DD8CD /* Pods.debug.xcconfig */,
				091A524E08E9AF6938D2C1BC /* Pods.release.xcconfig */,
			);
			name = Pods;
			sourceTree = "<group>";
		};
/* End PBXGroup section */

/* Begin PBXNativeTarget section */
		E6F046AC1C2D0A0000D3CF6C /* TestApp */ = {
			isa = PBXNativeTarget;
			buildConfigurationList = E6F046D81C2D0A0100D3CF6C /* Build configuration list for PBXNativeTarget "TestApp" */;
			buildPhases = (
				7929817C76D257137076F7B1 /* Check Pods Manifest.lock */,
				E6F046A91C2D0A0000D3CF6C /* Sources */,
				E6F046AA1C2D0A0000D3CF6C /* Frameworks */,
				E6F046AB1C2D0A0000D3CF6C /* Resources */,
				D1B73AF6B026AB16B301206F /* Embed Pods Frameworks */,
				F176288BF5D9303C2C5CE3EC /* Copy Pods Resources */,
			);
			buildRules = (
			);
			dependencies = (
			);
			name = TestApp;
			productName = TestApp;
			productReference = E6F046AD1C2D0A0000D3CF6C /* TestApp.app */;
			productType = "com.apple.product-type.application";
		};
		E6F046C31C2D0A0100D3CF6C /* TestAppTests */ = {
			isa = PBXNativeTarget;
			buildConfigurationList = E6F046DB1C2D0A0100D3CF6C /* Build configuration list for PBXNativeTarget "TestAppTests" */;
			buildPhases = (
				E6F046C01C2D0A0100D3CF6C /* Sources */,
				E6F046C11C2D0A0100D3CF6C /* Frameworks */,
				E6F046C21C2D0A0100D3CF6C /* Resources */,
			);
			buildRules = (
			);
			dependencies = (
				E6F046C61C2D0A0100D3CF6C /* PBXTargetDependency */,
			);
			name = TestAppTests;
			productName = TestAppTests;
			productReference = E6F046C41C2D0A0100D3CF6C /* TestAppTests.xctest */;
			productType = "com.apple.product-type.bundle.unit-test";
		};
		E6F046CE1C2D0A0100D3CF6C /* TestAppUITests */ = {
			isa = PBXNativeTarget;
			buildConfigurationList = E6F046DE1C2D0A0100D3CF6C /* Build configuration list for PBXNativeTarget "TestAppUITests" */;
			buildPhases = (
				E6F046CB1C2D0A0100D3CF6C /* Sources */,
				E6F046CC1C2D0A0100D3CF6C /* Frameworks */,
				E6F046CD1C2D0A0100D3CF6C /* Resources */,
			);
			buildRules = (
			);
			dependencies = (
				E6F046D11C2D0A0100D3CF6C /* PBXTargetDependency */,
			);
			name = TestAppUITests;
			productName = TestAppUITests;
			productReference = E6F046CF1C2D0A0100D3CF6C /* TestAppUITests.xctest */;
			productType = "com.apple.product-type.bundle.ui-testing";
		};
/* End PBXNativeTarget section */

/* Begin PBXProject section */
		E6F046A51C2D0A0000D3CF6C /* Project object */ = {
			isa = PBXProject;
			attributes = {
				LastSwiftUpdateCheck = 0710;
				LastUpgradeCheck = 0710;
				ORGANIZATIONNAME = pzyyll;
				TargetAttributes = {
					E6F046AC1C2D0A0000D3CF6C = {
						CreatedOnToolsVersion = 7.1;
					};
					E6F046C31C2D0A0100D3CF6C = {
						CreatedOnToolsVersion = 7.1;
						TestTargetID = E6F046AC1C2D0A0000D3CF6C;
					};
					E6F046CE1C2D0A0100D3CF6C = {
						CreatedOnToolsVersion = 7.1;
						TestTargetID = E6F046AC1C2D0A0000D3CF6C;
					};
				};
			};
			buildConfigurationList = E6F046A81C2D0A0000D3CF6C /* Build configuration list for PBXProject "TestApp" */;
			compatibilityVersion = "Xcode 3.2";
			developmentRegion = English;
			hasScannedForEncodings = 0;
			knownRegions = (
				en,
				Base,
			);
			mainGroup = E6F046A41C2D0A0000D3CF6C;
			productRefGroup = E6F046AE1C2D0A0000D3CF6C /* Products */;
			projectDirPath = "";
			projectRoot = "";
			targets = (
				E6F046AC1C2D0A0000D3CF6C /* TestApp */,
				E6F046C31C2D0A0100D3CF6C /* TestAppTests */,
				E6F046CE1C2D0A0100D3CF6C /* TestAppUITests */,
			);
		};
/* End PBXProject section */

/* Begin PBXResourcesBuildPhase section */
		E6F046AB1C2D0A0000D3CF6C /* Resources */ = {
			isa = PBXResourcesBuildPhase;
			buildActionMask = 2147483647;
			files = (
				4C643A5A1CC72DD800698531 /* HearderForPaperCollectionReusableView.xib in Resources */,
				4C8EFD331C32B3F000AC7454 /* head.jpg in Resources */,
				E6F046BE1C2D0A0000D3CF6C /* LaunchScreen.storyboard in Resources */,
				4C4BCF5A1CAD515B001FFC09 /* PapersStoryboard.storyboard in Resources */,
				4C4BCF4C1CAD4C65001FFC09 /* PaperCollectionViewCell.xib in Resources */,
				4C15ED851CCB074800ABB7A2 /* TSCourseTableViewCell.xib in Resources */,
				637FEF111CBFCB70008C7CDE /* CutsomCourseTableViewCell.xib in Resources */,
				63778CDD1CC79C3000F07921 /* CustsomMainTableViewCell.xib in Resources */,
				4C8EFD341C32B3F000AC7454 /* history.png in Resources */,
				E6F046BB1C2D0A0000D3CF6C /* Assets.xcassets in Resources */,
				4C17FA861CC7BBF5009FC926 /* FootForPaperCollectionReusableView.xib in Resources */,
				4C8EFD3B1C32B3F000AC7454 /* test.json in Resources */,
				E6F046B61C2D0A0000D3CF6C /* Main.storyboard in Resources */,
				4C7540C61CBF435300E94C82 /* LoginMainStoryboard.storyboard in Resources */,
				4C8EFD301C32B3F000AC7454 /* collection.png in Resources */,
				4C8EFD381C32B3F000AC7454 /* rank.png in Resources */,
				4C8EFD2A1C32B3F000AC7454 /* Info.png in Resources */,
				4C8EFD321C32B3F000AC7454 /* config.png in Resources */,
			);
			runOnlyForDeploymentPostprocessing = 0;
		};
		E6F046C21C2D0A0100D3CF6C /* Resources */ = {
			isa = PBXResourcesBuildPhase;
			buildActionMask = 2147483647;
			files = (
			);
			runOnlyForDeploymentPostprocessing = 0;
		};
		E6F046CD1C2D0A0100D3CF6C /* Resources */ = {
			isa = PBXResourcesBuildPhase;
			buildActionMask = 2147483647;
			files = (
			);
			runOnlyForDeploymentPostprocessing = 0;
		};
/* End PBXResourcesBuildPhase section */

/* Begin PBXShellScriptBuildPhase section */
		7929817C76D257137076F7B1 /* Check Pods Manifest.lock */ = {
			isa = PBXShellScriptBuildPhase;
			buildActionMask = 2147483647;
			files = (
			);
			inputPaths = (
			);
			name = "Check Pods Manifest.lock";
			outputPaths = (
			);
			runOnlyForDeploymentPostprocessing = 0;
			shellPath = /bin/sh;
			shellScript = "diff \"${PODS_ROOT}/../Podfile.lock\" \"${PODS_ROOT}/Manifest.lock\" > /dev/null\nif [[ $? != 0 ]] ; then\n    cat << EOM\nerror: The sandbox is not in sync with the Podfile.lock. Run 'pod install' or update your CocoaPods installation.\nEOM\n    exit 1\nfi\n";
			showEnvVarsInLog = 0;
		};
		D1B73AF6B026AB16B301206F /* Embed Pods Frameworks */ = {
			isa = PBXShellScriptBuildPhase;
			buildActionMask = 2147483647;
			files = (
			);
			inputPaths = (
			);
			name = "Embed Pods Frameworks";
			outputPaths = (
			);
			runOnlyForDeploymentPostprocessing = 0;
			shellPath = /bin/sh;
			shellScript = "\"${SRCROOT}/Pods/Target Support Files/Pods/Pods-frameworks.sh\"\n";
			showEnvVarsInLog = 0;
		};
		F176288BF5D9303C2C5CE3EC /* Copy Pods Resources */ = {
			isa = PBXShellScriptBuildPhase;
			buildActionMask = 2147483647;
			files = (
			);
			inputPaths = (
			);
			name = "Copy Pods Resources";
			outputPaths = (
			);
			runOnlyForDeploymentPostprocessing = 0;
			shellPath = /bin/sh;
			shellScript = "\"${SRCROOT}/Pods/Target Support Files/Pods/Pods-resources.sh\"\n";
			showEnvVarsInLog = 0;
		};
/* End PBXShellScriptBuildPhase section */

/* Begin PBXSourcesBuildPhase section */
		E6F046A91C2D0A0000D3CF6C /* Sources */ = {
			isa = PBXSourcesBuildPhase;
			buildActionMask = 2147483647;
			files = (
				4C4A7ED11CC753BF00D2D89A /* LauchViewController.swift in Sources */,
				4C1FECC41C340E8600B3E855 /* LoginViewController.swift in Sources */,
				4C5D43DB1CC4A94800AB3FFD /* UserInfo.swift in Sources */,
				637C70591CCA6996006EF44A /* CourseEntity+CoreDataProperties.swift in Sources */,
				6385EB791CB4043D006655F8 /* AdViewController.swift in Sources */,
				4C57DEF31CC8663F001494BE /* CourseBL.swift in Sources */,
				4C8955171C2FC34900A63975 /* Course.swift in Sources */,
				63778CDC1CC79C3000F07921 /* CustsomMainTableViewCell.swift in Sources */,
				4C4BCF4B1CAD4C65001FFC09 /* PaperCollectionViewCell.swift in Sources */,
				4C8EFD361C32B3F000AC7454 /* InsideCollectiondetail.swift in Sources */,
				4C4E73171CB549C4002D8926 /* MBProgressHUD.m in Sources */,
				4C7540C81CBF46BE00E94C82 /* TSUITextField.swift in Sources */,
				4C53541D1CC8D8840043139D /* RegBL.swift in Sources */,
				6364BBF51CCB278A00E00923 /* MyCopyUILable.swift in Sources */,
				4C1FECC51C340E8600B3E855 /* RegisterViewController.swift in Sources */,
				4C775A081CB3F86C000BA228 /* UIColor+Extension.swift in Sources */,
				6364BC001CCB2B8200E00923 /* MsgCutsomTableViewCell.swift in Sources */,
				4C8EFD2B1C32B3F000AC7454 /* AboutPageView.swift in Sources */,
				4C775A041CB3F799000BA228 /* UILabelPadding.swift in Sources */,
				4C8EFD3A1C32B3F000AC7454 /* SettingView.swift in Sources */,
				6364BBEF1CCB271500E00923 /* MessageTableViewController.swift in Sources */,
				4C643A561CC71B4E00698531 /* TSPaperCollectionView.swift in Sources */,
				4C3803561C31BA4100B8C0B1 /* AExamPaper.swift in Sources */,
				4C11ABFA1C314E0F006C3816 /* OptionItem.swift in Sources */,
				4C775A061CB3F7F5000BA228 /* AbsViewFactory.swift in Sources */,
				4C5D43D91CC4A92900AB3FFD /* LoginBL.swift in Sources */,
				E6F046B91C2D0A0000D3CF6C /* TestApp.xcdatamodeld in Sources */,
				6364BBFC1CCB27D300E00923 /* MessageItem.swift in Sources */,
				4C6965B41CC4823500C702E7 /* GRNetwork.swift in Sources */,
				4C15ED811CCAE9AC00ABB7A2 /* PaperBL.swift in Sources */,
				4C24C1CD1C30DBBB00875D46 /* MyTableView.swift in Sources */,
				4C24C1CF1C3107C200875D46 /* MyTableViewCell.swift in Sources */,
				6364BBF11CCB272B00E00923 /* TheDetailMesgTableViewController.swift in Sources */,
				E6F34A721C2D379A00D453B8 /* MainTabViewController.swift in Sources */,
				6364BBF31CCB274500E00923 /* AddTheLeaveMessage.swift in Sources */,
				4C8EFD371C32B3F000AC7454 /* InsideMyInfo.swift in Sources */,
				4C1FECC61C340E8600B3E855 /* InstallViewController.swift in Sources */,
				63A2F93E1CBA59F700AB5EDA /* SelecTheCourseController.swift in Sources */,
				E6F046E41C2D0AED00D3CF6C /* TestSearchViewController.swift in Sources */,
				6385EB751CB4039E006655F8 /* PractiseViewController.swift in Sources */,
				4C15ED841CCB074800ABB7A2 /* TSCourseTableViewCell.swift in Sources */,
				637C70541CCA2B05006EF44A /* PractiseQtypeBL.swift in Sources */,
				4C89555D1C30326500A63975 /* CustomView.swift in Sources */,
				6385EB771CB4040E006655F8 /* CustomCLcell.swift in Sources */,
				4C7E62F11CC66698002E5033 /* MBProgressHUD+Extension.swift in Sources */,
				4C3803581C31C3C400B8C0B1 /* ATopic.swift in Sources */,
				E6F046B11C2D0A0000D3CF6C /* AppDelegate.swift in Sources */,
				4C8EFD391C32B3F000AC7454 /* SelfInforViewController.swift in Sources */,
				4C4A7ECF1CC74FAA00D2D89A /* UINumber+Extension.swift in Sources */,
				4C8983C11CB93D8B008AE900 /* CourseForPaperViewController.swift in Sources */,
				4C17FA851CC7BBF5009FC926 /* FootForPaperCollectionReusableView.swift in Sources */,
				4C8EFCC01C32A1D500AC7454 /* Timer.swift in Sources */,
				4C8EFD311C32B3F000AC7454 /* CollectionView.swift in Sources */,
				6364BBFE1CCB281200E00923 /* ContextLabel.swift in Sources */,
				4C8EFD3C1C32B3F000AC7454 /* UserItem.swift in Sources */,
				6364BBF91CCB27B700E00923 /* MyDetailTableViewCell.swift in Sources */,
				63A956801CC675C700B4AB63 /* MainTableViewController.swift in Sources */,
				4C643A591CC72DD800698531 /* HearderForPaperCollectionReusableView.swift in Sources */,
				4C4BCF561CAD50EF001FFC09 /* PapersViewController.swift in Sources */,
				4C17EB3D1CC3B6A900A2F6C5 /* TSUINavigationController.swift in Sources */,
				4C57DEF51CC87DBA001494BE /* LoadingAnmationView.swift in Sources */,
				4C38035A1C31D3E500B8C0B1 /* TopicDetail.swift in Sources */,
				637C70561CCA2B27006EF44A /* Qtype.swift in Sources */,
				4C8EFCBE1C328EB300AC7454 /* PlayerView.swift in Sources */,
				637FEF101CBFCB70008C7CDE /* CutsomCourseTableViewCell.swift in Sources */,
				637C705A1CCA6996006EF44A /* CourseEntity.swift in Sources */,
				4C89551C1C2FE0AE00A63975 /* MakeTestViewController.swift in Sources */,
				63DA68171CC704BE004489F2 /* CustomLayout.swift in Sources */,
				4C8955191C2FC3D900A63975 /* ExamPaper.swift in Sources */,
				4C3803541C31B92800B8C0B1 /* OnePartOfChoice.swift in Sources */,
			);
			runOnlyForDeploymentPostprocessing = 0;
		};
		E6F046C01C2D0A0100D3CF6C /* Sources */ = {
			isa = PBXSourcesBuildPhase;
			buildActionMask = 2147483647;
			files = (
				E6F046C91C2D0A0100D3CF6C /* TestAppTests.swift in Sources */,
			);
			runOnlyForDeploymentPostprocessing = 0;
		};
		E6F046CB1C2D0A0100D3CF6C /* Sources */ = {
			isa = PBXSourcesBuildPhase;
			buildActionMask = 2147483647;
			files = (
				E6F046D41C2D0A0100D3CF6C /* TestAppUITests.swift in Sources */,
			);
			runOnlyForDeploymentPostprocessing = 0;
		};
/* End PBXSourcesBuildPhase section */

/* Begin PBXTargetDependency section */
		E6F046C61C2D0A0100D3CF6C /* PBXTargetDependency */ = {
			isa = PBXTargetDependency;
			target = E6F046AC1C2D0A0000D3CF6C /* TestApp */;
			targetProxy = E6F046C51C2D0A0100D3CF6C /* PBXContainerItemProxy */;
		};
		E6F046D11C2D0A0100D3CF6C /* PBXTargetDependency */ = {
			isa = PBXTargetDependency;
			target = E6F046AC1C2D0A0000D3CF6C /* TestApp */;
			targetProxy = E6F046D01C2D0A0100D3CF6C /* PBXContainerItemProxy */;
		};
/* End PBXTargetDependency section */

/* Begin PBXVariantGroup section */
		E6F046B41C2D0A0000D3CF6C /* Main.storyboard */ = {
			isa = PBXVariantGroup;
			children = (
				E6F046B51C2D0A0000D3CF6C /* Base */,
			);
			name = Main.storyboard;
			sourceTree = "<group>";
		};
		E6F046BC1C2D0A0000D3CF6C /* LaunchScreen.storyboard */ = {
			isa = PBXVariantGroup;
			children = (
				E6F046BD1C2D0A0000D3CF6C /* Base */,
			);
			name = LaunchScreen.storyboard;
			sourceTree = "<group>";
		};
/* End PBXVariantGroup section */

/* Begin XCBuildConfiguration section */
		E6F046D61C2D0A0100D3CF6C /* Debug */ = {
			isa = XCBuildConfiguration;
			buildSettings = {
				ALWAYS_SEARCH_USER_PATHS = NO;
				CLANG_CXX_LANGUAGE_STANDARD = "gnu++0x";
				CLANG_CXX_LIBRARY = "libc++";
				CLANG_ENABLE_MODULES = YES;
				CLANG_ENABLE_OBJC_ARC = YES;
				CLANG_WARN_BOOL_CONVERSION = YES;
				CLANG_WARN_CONSTANT_CONVERSION = YES;
				CLANG_WARN_DIRECT_OBJC_ISA_USAGE = YES_ERROR;
				CLANG_WARN_EMPTY_BODY = YES;
				CLANG_WARN_ENUM_CONVERSION = YES;
				CLANG_WARN_INT_CONVERSION = YES;
				CLANG_WARN_OBJC_ROOT_CLASS = YES_ERROR;
				CLANG_WARN_UNREACHABLE_CODE = YES;
				CLANG_WARN__DUPLICATE_METHOD_MATCH = YES;
				"CODE_SIGN_IDENTITY[sdk=iphoneos*]" = "iPhone Developer";
				COPY_PHASE_STRIP = NO;
				DEBUG_INFORMATION_FORMAT = dwarf;
				ENABLE_STRICT_OBJC_MSGSEND = YES;
				ENABLE_TESTABILITY = YES;
				GCC_C_LANGUAGE_STANDARD = gnu99;
				GCC_DYNAMIC_NO_PIC = NO;
				GCC_NO_COMMON_BLOCKS = YES;
				GCC_OPTIMIZATION_LEVEL = 0;
				GCC_PREPROCESSOR_DEFINITIONS = (
					"DEBUG=1",
					"$(inherited)",
				);
				GCC_WARN_64_TO_32_BIT_CONVERSION = YES;
				GCC_WARN_ABOUT_RETURN_TYPE = YES_ERROR;
				GCC_WARN_UNDECLARED_SELECTOR = YES;
				GCC_WARN_UNINITIALIZED_AUTOS = YES_AGGRESSIVE;
				GCC_WARN_UNUSED_FUNCTION = YES;
				GCC_WARN_UNUSED_VARIABLE = YES;
				IPHONEOS_DEPLOYMENT_TARGET = 9.1;
				MTL_ENABLE_DEBUG_INFO = YES;
				ONLY_ACTIVE_ARCH = YES;
				SDKROOT = iphoneos;
				SWIFT_OPTIMIZATION_LEVEL = "-Onone";
				TARGETED_DEVICE_FAMILY = "1,2";
			};
			name = Debug;
		};
		E6F046D71C2D0A0100D3CF6C /* Release */ = {
			isa = XCBuildConfiguration;
			buildSettings = {
				ALWAYS_SEARCH_USER_PATHS = NO;
				CLANG_CXX_LANGUAGE_STANDARD = "gnu++0x";
				CLANG_CXX_LIBRARY = "libc++";
				CLANG_ENABLE_MODULES = YES;
				CLANG_ENABLE_OBJC_ARC = YES;
				CLANG_WARN_BOOL_CONVERSION = YES;
				CLANG_WARN_CONSTANT_CONVERSION = YES;
				CLANG_WARN_DIRECT_OBJC_ISA_USAGE = YES_ERROR;
				CLANG_WARN_EMPTY_BODY = YES;
				CLANG_WARN_ENUM_CONVERSION = YES;
				CLANG_WARN_INT_CONVERSION = YES;
				CLANG_WARN_OBJC_ROOT_CLASS = YES_ERROR;
				CLANG_WARN_UNREACHABLE_CODE = YES;
				CLANG_WARN__DUPLICATE_METHOD_MATCH = YES;
				"CODE_SIGN_IDENTITY[sdk=iphoneos*]" = "iPhone Developer";
				COPY_PHASE_STRIP = NO;
				DEBUG_INFORMATION_FORMAT = "dwarf-with-dsym";
				ENABLE_NS_ASSERTIONS = NO;
				ENABLE_STRICT_OBJC_MSGSEND = YES;
				GCC_C_LANGUAGE_STANDARD = gnu99;
				GCC_NO_COMMON_BLOCKS = YES;
				GCC_WARN_64_TO_32_BIT_CONVERSION = YES;
				GCC_WARN_ABOUT_RETURN_TYPE = YES_ERROR;
				GCC_WARN_UNDECLARED_SELECTOR = YES;
				GCC_WARN_UNINITIALIZED_AUTOS = YES_AGGRESSIVE;
				GCC_WARN_UNUSED_FUNCTION = YES;
				GCC_WARN_UNUSED_VARIABLE = YES;
				IPHONEOS_DEPLOYMENT_TARGET = 9.1;
				MTL_ENABLE_DEBUG_INFO = NO;
				SDKROOT = iphoneos;
				TARGETED_DEVICE_FAMILY = "1,2";
				VALIDATE_PRODUCT = YES;
			};
			name = Release;
		};
		E6F046D91C2D0A0100D3CF6C /* Debug */ = {
			isa = XCBuildConfiguration;
			baseConfigurationReference = B78021C4DEF0CC8AD07DD8CD /* Pods.debug.xcconfig */;
			buildSettings = {
				ASSETCATALOG_COMPILER_APPICON_NAME = AppIcon;
				FRAMEWORK_SEARCH_PATHS = (
					"$(inherited)",
					"$(PROJECT_DIR)/AFNetworking-master/build/Debug-iphoneos",
				);
				INFOPLIST_FILE = TestApp/Info.plist;
				LD_RUNPATH_SEARCH_PATHS = "$(inherited) @executable_path/Frameworks";
				PRODUCT_BUNDLE_IDENTIFIER = cab.TestApp;
				PRODUCT_NAME = "$(TARGET_NAME)";
				SWIFT_OBJC_BRIDGING_HEADER = "TestApp/UI/TA-Bri-Header.h";
			};
			name = Debug;
		};
		E6F046DA1C2D0A0100D3CF6C /* Release */ = {
			isa = XCBuildConfiguration;
			baseConfigurationReference = 091A524E08E9AF6938D2C1BC /* Pods.release.xcconfig */;
			buildSettings = {
				ASSETCATALOG_COMPILER_APPICON_NAME = AppIcon;
				FRAMEWORK_SEARCH_PATHS = (
					"$(inherited)",
					"$(PROJECT_DIR)/AFNetworking-master/build/Debug-iphoneos",
				);
				INFOPLIST_FILE = TestApp/Info.plist;
				LD_RUNPATH_SEARCH_PATHS = "$(inherited) @executable_path/Frameworks";
				PRODUCT_BUNDLE_IDENTIFIER = cab.TestApp;
				PRODUCT_NAME = "$(TARGET_NAME)";
				SWIFT_OBJC_BRIDGING_HEADER = "TestApp/UI/TA-Bri-Header.h";
			};
			name = Release;
		};
		E6F046DC1C2D0A0100D3CF6C /* Debug */ = {
			isa = XCBuildConfiguration;
			buildSettings = {
				BUNDLE_LOADER = "$(TEST_HOST)";
				INFOPLIST_FILE = TestAppTests/Info.plist;
				LD_RUNPATH_SEARCH_PATHS = "$(inherited) @executable_path/Frameworks @loader_path/Frameworks";
				PRODUCT_BUNDLE_IDENTIFIER = cab.TestAppTests;
				PRODUCT_NAME = "$(TARGET_NAME)";
				TEST_HOST = "$(BUILT_PRODUCTS_DIR)/TestApp.app/TestApp";
			};
			name = Debug;
		};
		E6F046DD1C2D0A0100D3CF6C /* Release */ = {
			isa = XCBuildConfiguration;
			buildSettings = {
				BUNDLE_LOADER = "$(TEST_HOST)";
				INFOPLIST_FILE = TestAppTests/Info.plist;
				LD_RUNPATH_SEARCH_PATHS = "$(inherited) @executable_path/Frameworks @loader_path/Frameworks";
				PRODUCT_BUNDLE_IDENTIFIER = cab.TestAppTests;
				PRODUCT_NAME = "$(TARGET_NAME)";
				TEST_HOST = "$(BUILT_PRODUCTS_DIR)/TestApp.app/TestApp";
			};
			name = Release;
		};
		E6F046DF1C2D0A0100D3CF6C /* Debug */ = {
			isa = XCBuildConfiguration;
			buildSettings = {
				INFOPLIST_FILE = TestAppUITests/Info.plist;
				LD_RUNPATH_SEARCH_PATHS = "$(inherited) @executable_path/Frameworks @loader_path/Frameworks";
				PRODUCT_BUNDLE_IDENTIFIER = cab.TestAppUITests;
				PRODUCT_NAME = "$(TARGET_NAME)";
				TEST_TARGET_NAME = TestApp;
				USES_XCTRUNNER = YES;
			};
			name = Debug;
		};
		E6F046E01C2D0A0100D3CF6C /* Release */ = {
			isa = XCBuildConfiguration;
			buildSettings = {
				INFOPLIST_FILE = TestAppUITests/Info.plist;
				LD_RUNPATH_SEARCH_PATHS = "$(inherited) @executable_path/Frameworks @loader_path/Frameworks";
				PRODUCT_BUNDLE_IDENTIFIER = cab.TestAppUITests;
				PRODUCT_NAME = "$(TARGET_NAME)";
				TEST_TARGET_NAME = TestApp;
				USES_XCTRUNNER = YES;
			};
			name = Release;
		};
/* End XCBuildConfiguration section */

/* Begin XCConfigurationList section */
		E6F046A81C2D0A0000D3CF6C /* Build configuration list for PBXProject "TestApp" */ = {
			isa = XCConfigurationList;
			buildConfigurations = (
				E6F046D61C2D0A0100D3CF6C /* Debug */,
				E6F046D71C2D0A0100D3CF6C /* Release */,
			);
			defaultConfigurationIsVisible = 0;
			defaultConfigurationName = Release;
		};
		E6F046D81C2D0A0100D3CF6C /* Build configuration list for PBXNativeTarget "TestApp" */ = {
			isa = XCConfigurationList;
			buildConfigurations = (
				E6F046D91C2D0A0100D3CF6C /* Debug */,
				E6F046DA1C2D0A0100D3CF6C /* Release */,
			);
			defaultConfigurationIsVisible = 0;
			defaultConfigurationName = Release;
		};
		E6F046DB1C2D0A0100D3CF6C /* Build configuration list for PBXNativeTarget "TestAppTests" */ = {
			isa = XCConfigurationList;
			buildConfigurations = (
				E6F046DC1C2D0A0100D3CF6C /* Debug */,
				E6F046DD1C2D0A0100D3CF6C /* Release */,
			);
			defaultConfigurationIsVisible = 0;
			defaultConfigurationName = Release;
		};
		E6F046DE1C2D0A0100D3CF6C /* Build configuration list for PBXNativeTarget "TestAppUITests" */ = {
			isa = XCConfigurationList;
			buildConfigurations = (
				E6F046DF1C2D0A0100D3CF6C /* Debug */,
				E6F046E01C2D0A0100D3CF6C /* Release */,
			);
			defaultConfigurationIsVisible = 0;
			defaultConfigurationName = Release;
		};
/* End XCConfigurationList section */

/* Begin XCVersionGroup section */
		E6F046B71C2D0A0000D3CF6C /* TestApp.xcdatamodeld */ = {
			isa = XCVersionGroup;
			children = (
				E6F046B81C2D0A0000D3CF6C /* TestApp.xcdatamodel */,
			);
			currentVersion = E6F046B81C2D0A0000D3CF6C /* TestApp.xcdatamodel */;
			path = TestApp.xcdatamodeld;
			sourceTree = "<group>";
			versionGroupType = wrapper.xcdatamodel;
		};
/* End XCVersionGroup section */
	};
	rootObject = E6F046A51C2D0A0000D3CF6C /* Project object */;
}
